// !$*UTF8*$!
{
	archiveVersion = 1;
	classes = {
	};
	objectVersion = 46;
	objects = {

/* Begin PBXBuildFile section */
		156668BD19E3098C001E21AB /* AppDelegate.swift in Sources */ = {isa = PBXBuildFile; fileRef = 156668BC19E3098C001E21AB /* AppDelegate.swift */; };
		156668C019E3098C001E21AB /* TwitterClone.xcdatamodeld in Sources */ = {isa = PBXBuildFile; fileRef = 156668BE19E3098C001E21AB /* TwitterClone.xcdatamodeld */; };
		156668C219E3098C001E21AB /* ViewController.swift in Sources */ = {isa = PBXBuildFile; fileRef = 156668C119E3098C001E21AB /* ViewController.swift */; };
		156668C519E3098C001E21AB /* Main.storyboard in Resources */ = {isa = PBXBuildFile; fileRef = 156668C319E3098C001E21AB /* Main.storyboard */; };
		156668C719E3098C001E21AB /* Images.xcassets in Resources */ = {isa = PBXBuildFile; fileRef = 156668C619E3098C001E21AB /* Images.xcassets */; };
		156668CA19E3098C001E21AB /* LaunchScreen.xib in Resources */ = {isa = PBXBuildFile; fileRef = 156668C819E3098C001E21AB /* LaunchScreen.xib */; };
		156668D619E3098C001E21AB /* TwitterCloneTests.swift in Sources */ = {isa = PBXBuildFile; fileRef = 156668D519E3098C001E21AB /* TwitterCloneTests.swift */; };
/* End PBXBuildFile section */

/* Begin PBXContainerItemProxy section */
		156668D019E3098C001E21AB /* PBXContainerItemProxy */ = {
			isa = PBXContainerItemProxy;
			containerPortal = 156668AF19E3098C001E21AB /* Project object */;
			proxyType = 1;
			remoteGlobalIDString = 156668B619E3098C001E21AB;
			remoteInfo = TwitterClone;
		};
/* End PBXContainerItemProxy section */

/* Begin PBXFileReference section */
		156668B719E3098C001E21AB /* TwitterClone.app */ = {isa = PBXFileReference; explicitFileType = wrapper.application; includeInIndex = 0; path = TwitterClone.app; sourceTree = BUILT_PRODUCTS_DIR; };
		156668BB19E3098C001E21AB /* Info.plist */ = {isa = PBXFileReference; lastKnownFileType = text.plist.xml; path = Info.plist; sourceTree = "<group>"; };
		156668BC19E3098C001E21AB /* AppDelegate.swift */ = {isa = PBXFileReference; lastKnownFileType = sourcecode.swift; path = AppDelegate.swift; sourceTree = "<group>"; };
		156668BF19E3098C001E21AB /* TwitterClone.xcdatamodel */ = {isa = PBXFileReference; lastKnownFileType = wrapper.xcdatamodel; path = TwitterClone.xcdatamodel; sourceTree = "<group>"; };
		156668C119E3098C001E21AB /* ViewController.swift */ = {isa = PBXFileReference; lastKnownFileType = sourcecode.swift; path = ViewController.swift; sourceTree = "<group>"; };
		156668C419E3098C001E21AB /* Base */ = {isa = PBXFileReference; lastKnownFileType = file.storyboard; name = Base; path = Base.lproj/Main.storyboard; sourceTree = "<group>"; };
		156668C619E3098C001E21AB /* Images.xcassets */ = {isa = PBXFileReference; lastKnownFileType = folder.assetcatalog; path = Images.xcassets; sourceTree = "<group>"; };
		156668C919E3098C001E21AB /* Base */ = {isa = PBXFileReference; lastKnownFileType = file.xib; name = Base; path = Base.lproj/LaunchScreen.xib; sourceTree = "<group>"; };
		156668CF19E3098C001E21AB /* TwitterCloneTests.xctest */ = {isa = PBXFileReference; explicitFileType = wrapper.cfbundle; includeInIndex = 0; path = TwitterCloneTests.xctest; sourceTree = BUILT_PRODUCTS_DIR; };
		156668D419E3098C001E21AB /* Info.plist */ = {isa = PBXFileReference; lastKnownFileType = text.plist.xml; path = Info.plist; sourceTree = "<group>"; };
		156668D519E3098C001E21AB /* TwitterCloneTests.swift */ = {isa = PBXFileReference; lastKnownFileType = sourcecode.swift; path = TwitterCloneTests.swift; sourceTree = "<group>"; };
/* End PBXFileReference section */

/* Begin PBXFrameworksBuildPhase section */
		156668B419E3098C001E21AB /* Frameworks */ = {
			isa = PBXFrameworksBuildPhase;
			buildActionMask = 2147483647;
			files = (
			);
			runOnlyForDeploymentPostprocessing = 0;
		};
		156668CC19E3098C001E21AB /* Frameworks */ = {
			isa = PBXFrameworksBuildPhase;
			buildActionMask = 2147483647;
			files = (
			);
			runOnlyForDeploymentPostprocessing = 0;
		};
/* End PBXFrameworksBuildPhase section */

/* Begin PBXGroup section */
		156668AE19E3098C001E21AB = {
			isa = PBXGroup;
			children = (
				156668B919E3098C001E21AB /* TwitterClone */,
				156668D219E3098C001E21AB /* TwitterCloneTests */,
				156668B819E3098C001E21AB /* Products */,
			);
			sourceTree = "<group>";
		};
		156668B819E3098C001E21AB /* Products */ = {
			isa = PBXGroup;
			children = (
				156668B719E3098C001E21AB /* TwitterClone.app */,
				156668CF19E3098C001E21AB /* TwitterCloneTests.xctest */,
			);
			name = Products;
			sourceTree = "<group>";
		};
		156668B919E3098C001E21AB /* TwitterClone */ = {
			isa = PBXGroup;
			children = (
				156668BC19E3098C001E21AB /* AppDelegate.swift */,
				156668C119E3098C001E21AB /* ViewController.swift */,
				156668C319E3098C001E21AB /* Main.storyboard */,
				156668C619E3098C001E21AB /* Images.xcassets */,
				156668C819E3098C001E21AB /* LaunchScreen.xib */,
				156668BE19E3098C001E21AB /* TwitterClone.xcdatamodeld */,
				156668BA19E3098C001E21AB /* Supporting Files */,
			);
			path = TwitterClone;
			sourceTree = "<group>";
		};
		156668BA19E3098C001E21AB /* Supporting Files */ = {
			isa = PBXGroup;
			children = (
				156668BB19E3098C001E21AB /* Info.plist */,
			);
			name = "Supporting Files";
			sourceTree = "<group>";
		};
		156668D219E3098C001E21AB /* TwitterCloneTests */ = {
			isa = PBXGroup;
			children = (
				156668D519E3098C001E21AB /* TwitterCloneTests.swift */,
				156668D319E3098C001E21AB /* Supporting Files */,
			);
			path = TwitterCloneTests;
			sourceTree = "<group>";
		};
		156668D319E3098C001E21AB /* Supporting Files */ = {
			isa = PBXGroup;
			children = (
				156668D419E3098C001E21AB /* Info.plist */,
			);
			name = "Supporting Files";
			sourceTree = "<group>";
		};
/* End PBXGroup section */

/* Begin PBXNativeTarget section */
		156668B619E3098C001E21AB /* TwitterClone */ = {
			isa = PBXNativeTarget;
			buildConfigurationList = 156668D919E3098C001E21AB /* Build configuration list for PBXNativeTarget "TwitterClone" */;
			buildPhases = (
				156668B319E3098C001E21AB /* Sources */,
				156668B419E3098C001E21AB /* Frameworks */,
				156668B519E3098C001E21AB /* Resources */,
			);
			buildRules = (
			);
			dependencies = (
			);
			name = TwitterClone;
			productName = TwitterClone;
			productReference = 156668B719E3098C001E21AB /* TwitterClone.app */;
			productType = "com.apple.product-type.application";
		};
		156668CE19E3098C001E21AB /* TwitterCloneTests */ = {
			isa = PBXNativeTarget;
			buildConfigurationList = 156668DC19E3098C001E21AB /* Build configuration list for PBXNativeTarget "TwitterCloneTests" */;
			buildPhases = (
				156668CB19E3098C001E21AB /* Sources */,
				156668CC19E3098C001E21AB /* Frameworks */,
				156668CD19E3098C001E21AB /* Resources */,
			);
			buildRules = (
			);
			dependencies = (
				156668D119E3098C001E21AB /* PBXTargetDependency */,
			);
			name = TwitterCloneTests;
			productName = TwitterCloneTests;
			productReference = 156668CF19E3098C001E21AB /* TwitterCloneTests.xctest */;
			productType = "com.apple.product-type.bundle.unit-test";
		};
/* End PBXNativeTarget section */

/* Begin PBXProject section */
		156668AF19E3098C001E21AB /* Project object */ = {
			isa = PBXProject;
			attributes = {
				LastUpgradeCheck = 0600;
				ORGANIZATIONNAME = "Will Richman";
				TargetAttributes = {
					156668B619E3098C001E21AB = {
						CreatedOnToolsVersion = 6.0.1;
					};
					156668CE19E3098C001E21AB = {
						CreatedOnToolsVersion = 6.0.1;
						TestTargetID = 156668B619E3098C001E21AB;
					};
				};
			};
			buildConfigurationList = 156668B219E3098C001E21AB /* Build configuration list for PBXProject "TwitterClone" */;
			compatibilityVersion = "Xcode 3.2";
			developmentRegion = English;
			hasScannedForEncodings = 0;
			knownRegions = (
				en,
				Base,
			);
			mainGroup = 156668AE19E3098C001E21AB;
			productRefGroup = 156668B819E3098C001E21AB /* Products */;
			projectDirPath = "";
			projectRoot = "";
			targets = (
				156668B619E3098C001E21AB /* TwitterClone */,
				156668CE19E3098C001E21AB /* TwitterCloneTests */,
			);
		};
/* End PBXProject section */

/* Begin PBXResourcesBuildPhase section */
		156668B519E3098C001E21AB /* Resources */ = {
			isa = PBXResourcesBuildPhase;
			buildActionMask = 2147483647;
			files = (
				156668C519E3098C001E21AB /* Main.storyboard in Resources */,
				156668CA19E3098C001E21AB /* LaunchScreen.xib in Resources */,
				156668C719E3098C001E21AB /* Images.xcassets in Resources */,
			);
			runOnlyForDeploymentPostprocessing = 0;
		};
		156668CD19E3098C001E21AB /* Resources */ = {
			isa = PBXResourcesBuildPhase;
			buildActionMask = 2147483647;
			files = (
			);
			runOnlyForDeploymentPostprocessing = 0;
		};
/* End PBXResourcesBuildPhase section */

/* Begin PBXSourcesBuildPhase section */
		156668B319E3098C001E21AB /* Sources */ = {
			isa = PBXSourcesBuildPhase;
			buildActionMask = 2147483647;
			files = (
				156668C219E3098C001E21AB /* ViewController.swift in Sources */,
				156668BD19E3098C001E21AB /* AppDelegate.swift in Sources */,
				156668C019E3098C001E21AB /* TwitterClone.xcdatamodeld in Sources */,
			);
			runOnlyForDeploymentPostprocessing = 0;
		};
		156668CB19E3098C001E21AB /* Sources */ = {
			isa = PBXSourcesBuildPhase;
			buildActionMask = 2147483647;
			files = (
				156668D619E3098C001E21AB /* TwitterCloneTests.swift in Sources */,
			);
			runOnlyForDeploymentPostprocessing = 0;
		};
/* End PBXSourcesBuildPhase section */

/* Begin PBXTargetDependency section */
		156668D119E3098C001E21AB /* PBXTargetDependency */ = {
			isa = PBXTargetDependency;
			target = 156668B619E3098C001E21AB /* TwitterClone */;
			targetProxy = 156668D019E3098C001E21AB /* PBXContainerItemProxy */;
		};
/* End PBXTargetDependency section */

/* Begin PBXVariantGroup section */
		156668C319E3098C001E21AB /* Main.storyboard */ = {
			isa = PBXVariantGroup;
			children = (
				156668C419E3098C001E21AB /* Base */,
			);
			name = Main.storyboard;
			sourceTree = "<group>";
		};
		156668C819E3098C001E21AB /* LaunchScreen.xib */ = {
			isa = PBXVariantGroup;
			children = (
				156668C919E3098C001E21AB /* Base */,
			);
			name = LaunchScreen.xib;
			sourceTree = "<group>";
		};
/* End PBXVariantGroup section */

/* Begin XCBuildConfiguration section */
		156668D719E3098C001E21AB /* Debug */ = {
			isa = XCBuildConfiguration;
			buildSettings = {
				ALWAYS_SEARCH_USER_PATHS = NO;
				CLANG_CXX_LANGUAGE_STANDARD = "gnu++0x";
				CLANG_CXX_LIBRARY = "libc++";
				CLANG_ENABLE_MODULES = YES;
				CLANG_ENABLE_OBJC_ARC = YES;
				CLANG_WARN_BOOL_CONVERSION = YES;
				CLANG_WARN_CONSTANT_CONVERSION = YES;
				CLANG_WARN_DIRECT_OBJC_ISA_USAGE = YES_ERROR;
				CLANG_WARN_EMPTY_BODY = YES;
				CLANG_WARN_ENUM_CONVERSION = YES;
				CLANG_WARN_INT_CONVERSION = YES;
				CLANG_WARN_OBJC_ROOT_CLASS = YES_ERROR;
				CLANG_WARN_UNREACHABLE_CODE = YES;
				CLANG_WARN__DUPLICATE_METHOD_MATCH = YES;
				"CODE_SIGN_IDENTITY[sdk=iphoneos*]" = "iPhone Developer";
				COPY_PHASE_STRIP = NO;
				ENABLE_STRICT_OBJC_MSGSEND = YES;
				GCC_C_LANGUAGE_STANDARD = gnu99;
				GCC_DYNAMIC_NO_PIC = NO;
				GCC_OPTIMIZATION_LEVEL = 0;
				GCC_PREPROCESSOR_DEFINITIONS = (
					"DEBUG=1",
					"$(inherited)",
				);
				GCC_SYMBOLS_PRIVATE_EXTERN = NO;
				GCC_WARN_64_TO_32_BIT_CONVERSION = YES;
				GCC_WARN_ABOUT_RETURN_TYPE = YES_ERROR;
				GCC_WARN_UNDECLARED_SELECTOR = YES;
				GCC_WARN_UNINITIALIZED_AUTOS = YES_AGGRESSIVE;
				GCC_WARN_UNUSED_FUNCTION = YES;
				GCC_WARN_UNUSED_VARIABLE = YES;
				IPHONEOS_DEPLOYMENT_TARGET = 8.0;
				MTL_ENABLE_DEBUG_INFO = YES;
				ONLY_ACTIVE_ARCH = YES;
				SDKROOT = iphoneos;
				SWIFT_OPTIMIZATION_LEVEL = "-Onone";
				TARGETED_DEVICE_FAMILY = "1,2";
			};
			name = Debug;
		};
		156668D819E3098C001E21AB /* Release */ = {
			isa = XCBuildConfiguration;
			buildSettings = {
				ALWAYS_SEARCH_USER_PATHS = NO;
				CLANG_CXX_LANGUAGE_STANDARD = "gnu++0x";
				CLANG_CXX_LIBRARY = "libc++";
				CLANG_ENABLE_MODULES = YES;
				CLANG_ENABLE_OBJC_ARC = YES;
				CLANG_WARN_BOOL_CONVERSION = YES;
				CLANG_WARN_CONSTANT_CONVERSION = YES;
				CLANG_WARN_DIRECT_OBJC_ISA_USAGE = YES_ERROR;
				CLANG_WARN_EMPTY_BODY = YES;
				CLANG_WARN_ENUM_CONVERSION = YES;
				CLANG_WARN_INT_CONVERSION = YES;
				CLANG_WARN_OBJC_ROOT_CLASS = YES_ERROR;
				CLANG_WARN_UNREACHABLE_CODE = YES;
				CLANG_WARN__DUPLICATE_METHOD_MATCH = YES;
				"CODE_SIGN_IDENTITY[sdk=iphoneos*]" = "iPhone Developer";
				COPY_PHASE_STRIP = YES;
				ENABLE_NS_ASSERTIONS = NO;
				ENABLE_STRICT_OBJC_MSGSEND = YES;
				GCC_C_LANGUAGE_STANDARD = gnu99;
				GCC_WARN_64_TO_32_BIT_CONVERSION = YES;
				GCC_WARN_ABOUT_RETURN_TYPE = YES_ERROR;
				GCC_WARN_UNDECLARED_SELECTOR = YES;
				GCC_WARN_UNINITIALIZED_AUTOS = YES_AGGRESSIVE;
				GCC_WARN_UNUSED_FUNCTION = YES;
				GCC_WARN_UNUSED_VARIABLE = YES;
				IPHONEOS_DEPLOYMENT_TARGET = 8.0;
				MTL_ENABLE_DEBUG_INFO = NO;
				SDKROOT = iphoneos;
				TARGETED_DEVICE_FAMILY = "1,2";
				VALIDATE_PRODUCT = YES;
			};
			name = Release;
		};
		156668DA19E3098C001E21AB /* Debug */ = {
			isa = XCBuildConfiguration;
			buildSettings = {
				ASSETCATALOG_COMPILER_APPICON_NAME = AppIcon;
				INFOPLIST_FILE = TwitterClone/Info.plist;
				LD_RUNPATH_SEARCH_PATHS = "$(inherited) @executable_path/Frameworks";
				PRODUCT_NAME = "$(TARGET_NAME)";
			};
			name = Debug;
		};
		156668DB19E3098C001E21AB /* Release */ = {
			isa = XCBuildConfiguration;
			buildSettings = {
				ASSETCATALOG_COMPILER_APPICON_NAME = AppIcon;
				INFOPLIST_FILE = TwitterClone/Info.plist;
				LD_RUNPATH_SEARCH_PATHS = "$(inherited) @executable_path/Frameworks";
				PRODUCT_NAME = "$(TARGET_NAME)";
			};
			name = Release;
		};
		156668DD19E3098C001E21AB /* Debug */ = {
			isa = XCBuildConfiguration;
			buildSettings = {
				BUNDLE_LOADER = "$(TEST_HOST)";
				FRAMEWORK_SEARCH_PATHS = (
					"$(SDKROOT)/Developer/Library/Frameworks",
					"$(inherited)",
				);
				GCC_PREPROCESSOR_DEFINITIONS = (
					"DEBUG=1",
					"$(inherited)",
				);
				INFOPLIST_FILE = TwitterCloneTests/Info.plist;
				LD_RUNPATH_SEARCH_PATHS = "$(inherited) @executable_path/Frameworks @loader_path/Frameworks";
				PRODUCT_NAME = "$(TARGET_NAME)";
				TEST_HOST = "$(BUILT_PRODUCTS_DIR)/TwitterClone.app/TwitterClone";
			};
			name = Debug;
		};
		156668DE19E3098C001E21AB /* Release */ = {
			isa = XCBuildConfiguration;
			buildSettings = {
				BUNDLE_LOADER = "$(TEST_HOST)";
				FRAMEWORK_SEARCH_PATHS = (
					"$(SDKROOT)/Developer/Library/Frameworks",
					"$(inherited)",
				);
				INFOPLIST_FILE = TwitterCloneTests/Info.plist;
				LD_RUNPATH_SEARCH_PATHS = "$(inherited) @executable_path/Frameworks @loader_path/Frameworks";
				PRODUCT_NAME = "$(TARGET_NAME)";
				TEST_HOST = "$(BUILT_PRODUCTS_DIR)/TwitterClone.app/TwitterClone";
			};
			name = Release;
		};
/* End XCBuildConfiguration section */

/* Begin XCConfigurationList section */
		156668B219E3098C001E21AB /* Build configuration list for PBXProject "TwitterClone" */ = {
			isa = XCConfigurationList;
			buildConfigurations = (
				156668D719E3098C001E21AB /* Debug */,
				156668D819E3098C001E21AB /* Release */,
			);
			defaultConfigurationIsVisible = 0;
			defaultConfigurationName = Release;
		};
		156668D919E3098C001E21AB /* Build configuration list for PBXNativeTarget "TwitterClone" */ = {
			isa = XCConfigurationList;
			buildConfigurations = (
				156668DA19E3098C001E21AB /* Debug */,
				156668DB19E3098C001E21AB /* Release */,
			);
			defaultConfigurationIsVisible = 0;
		};
		156668DC19E3098C001E21AB /* Build configuration list for PBXNativeTarget "TwitterCloneTests" */ = {
			isa = XCConfigurationList;
			buildConfigurations = (
				156668DD19E3098C001E21AB /* Debug */,
				156668DE19E3098C001E21AB /* Release */,
			);
			defaultConfigurationIsVisible = 0;
		};
/* End XCConfigurationList section */

/* Begin XCVersionGroup section */
		156668BE19E3098C001E21AB /* TwitterClone.xcdatamodeld */ = {
			isa = XCVersionGroup;
			children = (
				156668BF19E3098C001E21AB /* TwitterClone.xcdatamodel */,
			);
			currentVersion = 156668BF19E3098C001E21AB /* TwitterClone.xcdatamodel */;
			path = TwitterClone.xcdatamodeld;
			sourceTree = "<group>";
			versionGroupType = wrapper.xcdatamodel;
		};
/* End XCVersionGroup section */
	};
	rootObject = 156668AF19E3098C001E21AB /* Project object */;
}
